
Microsoft Visual Studio Solution File, Format Version 12.00
# Visual Studio Version 17
VisualStudioVersion = 17.10.35122.118
MinimumVisualStudioVersion = 10.0.40219.1
Project("{FAE04EC0-301F-11D3-BF4B-00C04F79EFBC}") = "00-Task-Tracker", "00-Task-Tracker\00-Task-Tracker.csproj", "{609FB194-0783-463A-A895-4C4149D7C0D8}"
EndProject
Global
	GlobalSection(SolutionConfigurationPlatforms) = preSolution
		Debug|Any CPU = Debug|Any CPU
		Release|Any CPU = Release|Any CPU
	EndGlobalSection
	GlobalSection(ProjectConfigurationPlatforms) = postSolution
		{609FB194-0783-463A-A895-4C4149D7C0D8}.Debug|Any CPU.ActiveCfg = Debug|Any CPU
		{609FB194-0783-463A-A895-4C4149D7C0D8}.Debug|Any CPU.Build.0 = Debug|Any CPU
		{609FB194-0783-463A-A895-4C4149D7C0D8}.Release|Any CPU.ActiveCfg = Release|Any CPU
		{609FB194-0783-463A-A895-4C4149D7C0D8}.Release|Any CPU.Build.0 = Release|Any CPU
	EndGlobalSection
	GlobalSection(SolutionProperties) = preSolution
		HideSolutionNode = FALSE
	EndGlobalSection
	GlobalSection(ExtensibilityGlobals) = postSolution
		SolutionGuid = {1CDAC9C3-352F-4072-9FDE-2F418D6962A0}
	EndGlobalSection
EndGlobal
